
Microsoft Visual Studio Solution File, Format Version 12.00
# Visual Studio 15
VisualStudioVersion = 15.0.26730.16
MinimumVisualStudioVersion = 10.0.40219.1
Project("{FAE04EC0-301F-11D3-BF4B-00C04F79EFBC}") = "01. Phonebook", "01. Phonebook\01. Phonebook.csproj", "{00D92413-9FAB-44C7-AF63-6F8E3A890DC2}"
EndProject
Project("{FAE04EC0-301F-11D3-BF4B-00C04F79EFBC}") = "02.Phonebook Upgrade", "Phonebook Upgrade\02.Phonebook Upgrade.csproj", "{CAC2FA93-45D1-4741-8DD9-35F0B49E8D27}"
EndProject
Project("{FAE04EC0-301F-11D3-BF4B-00C04F79EFBC}") = "03. A Miner Task", "03. A Miner Task\03. A Miner Task.csproj", "{16D1A7AC-1227-42D1-B48A-841316E7E1AD}"
EndProject
Project("{FAE04EC0-301F-11D3-BF4B-00C04F79EFBC}") = "04. Fix Emails", "04. Fix Emails\04. Fix Emails.csproj", "{CC85CD60-0A75-4E62-9E8D-B4899EBB86D1}"
EndProject
Project("{FAE04EC0-301F-11D3-BF4B-00C04F79EFBC}") = "05. Hands of Cards", "05. Hands of Cards\05. Hands of Cards.csproj", "{A0982B86-228F-4D7D-A618-E39A3432928D}"
EndProject
Global
	GlobalSection(SolutionConfigurationPlatforms) = preSolution
		Debug|Any CPU = Debug|Any CPU
		Release|Any CPU = Release|Any CPU
	EndGlobalSection
	GlobalSection(ProjectConfigurationPlatforms) = postSolution
		{00D92413-9FAB-44C7-AF63-6F8E3A890DC2}.Debug|Any CPU.ActiveCfg = Debug|Any CPU
		{00D92413-9FAB-44C7-AF63-6F8E3A890DC2}.Debug|Any CPU.Build.0 = Debug|Any CPU
		{00D92413-9FAB-44C7-AF63-6F8E3A890DC2}.Release|Any CPU.ActiveCfg = Release|Any CPU
		{00D92413-9FAB-44C7-AF63-6F8E3A890DC2}.Release|Any CPU.Build.0 = Release|Any CPU
		{CAC2FA93-45D1-4741-8DD9-35F0B49E8D27}.Debug|Any CPU.ActiveCfg = Debug|Any CPU
		{CAC2FA93-45D1-4741-8DD9-35F0B49E8D27}.Debug|Any CPU.Build.0 = Debug|Any CPU
		{CAC2FA93-45D1-4741-8DD9-35F0B49E8D27}.Release|Any CPU.ActiveCfg = Release|Any CPU
		{CAC2FA93-45D1-4741-8DD9-35F0B49E8D27}.Release|Any CPU.Build.0 = Release|Any CPU
		{16D1A7AC-1227-42D1-B48A-841316E7E1AD}.Debug|Any CPU.ActiveCfg = Debug|Any CPU
		{16D1A7AC-1227-42D1-B48A-841316E7E1AD}.Debug|Any CPU.Build.0 = Debug|Any CPU
		{16D1A7AC-1227-42D1-B48A-841316E7E1AD}.Release|Any CPU.ActiveCfg = Release|Any CPU
		{16D1A7AC-1227-42D1-B48A-841316E7E1AD}.Release|Any CPU.Build.0 = Release|Any CPU
		{CC85CD60-0A75-4E62-9E8D-B4899EBB86D1}.Debug|Any CPU.ActiveCfg = Debug|Any CPU
		{CC85CD60-0A75-4E62-9E8D-B4899EBB86D1}.Debug|Any CPU.Build.0 = Debug|Any CPU
		{CC85CD60-0A75-4E62-9E8D-B4899EBB86D1}.Release|Any CPU.ActiveCfg = Release|Any CPU
		{CC85CD60-0A75-4E62-9E8D-B4899EBB86D1}.Release|Any CPU.Build.0 = Release|Any CPU
		{A0982B86-228F-4D7D-A618-E39A3432928D}.Debug|Any CPU.ActiveCfg = Debug|Any CPU
		{A0982B86-228F-4D7D-A618-E39A3432928D}.Debug|Any CPU.Build.0 = Debug|Any CPU
		{A0982B86-228F-4D7D-A618-E39A3432928D}.Release|Any CPU.ActiveCfg = Release|Any CPU
		{A0982B86-228F-4D7D-A618-E39A3432928D}.Release|Any CPU.Build.0 = Release|Any CPU
	EndGlobalSection
	GlobalSection(SolutionProperties) = preSolution
		HideSolutionNode = FALSE
	EndGlobalSection
	GlobalSection(ExtensibilityGlobals) = postSolution
		SolutionGuid = {C546FF84-56B0-4147-95E8-09725E810B9E}
	EndGlobalSection
EndGlobal
