
Microsoft Visual Studio Solution File, Format Version 12.00
# Visual Studio 15
VisualStudioVersion = 15.0.26730.16
MinimumVisualStudioVersion = 10.0.40219.1
Project("{FAE04EC0-301F-11D3-BF4B-00C04F79EFBC}") = "01. Max Sequence of Equal Elements", "01. Max Sequence of Equal Elements\01. Max Sequence of Equal Elements.csproj", "{56D713EB-4133-4967-A399-86023A848D26}"
EndProject
Project("{FAE04EC0-301F-11D3-BF4B-00C04F79EFBC}") = "02. Change List", "02. Change List\02. Change List.csproj", "{1EC3E5DF-A536-4544-A665-20BF392846D3}"
EndProject
Project("{FAE04EC0-301F-11D3-BF4B-00C04F79EFBC}") = "03. Search for a Number", "03. Search for a Number\03. Search for a Number.csproj", "{2E1FC9B4-D76F-4FF6-86C5-DE03A5FD8918}"
EndProject
Project("{FAE04EC0-301F-11D3-BF4B-00C04F79EFBC}") = "04. Longest Increasing Subsequence", "04. Longest Increasing Subsequence\04. Longest Increasing Subsequence.csproj", "{C2C15E5C-FD27-4495-9BC0-10F546E5BBF2}"
EndProject
Project("{FAE04EC0-301F-11D3-BF4B-00C04F79EFBC}") = "05. Array Manipulator", "05. Array Manipulator\05. Array Manipulator.csproj", "{91E8778B-A68D-410A-92B7-260845D4390E}"
EndProject
Project("{FAE04EC0-301F-11D3-BF4B-00C04F79EFBC}") = "06. Sum Reversed Numbers", "06. Sum Reversed Numbers\06. Sum Reversed Numbers.csproj", "{F12FB30B-8E2D-4826-9BAE-EE3D2B235537}"
EndProject
Global
	GlobalSection(SolutionConfigurationPlatforms) = preSolution
		Debug|Any CPU = Debug|Any CPU
		Release|Any CPU = Release|Any CPU
	EndGlobalSection
	GlobalSection(ProjectConfigurationPlatforms) = postSolution
		{56D713EB-4133-4967-A399-86023A848D26}.Debug|Any CPU.ActiveCfg = Debug|Any CPU
		{56D713EB-4133-4967-A399-86023A848D26}.Debug|Any CPU.Build.0 = Debug|Any CPU
		{56D713EB-4133-4967-A399-86023A848D26}.Release|Any CPU.ActiveCfg = Release|Any CPU
		{56D713EB-4133-4967-A399-86023A848D26}.Release|Any CPU.Build.0 = Release|Any CPU
		{1EC3E5DF-A536-4544-A665-20BF392846D3}.Debug|Any CPU.ActiveCfg = Debug|Any CPU
		{1EC3E5DF-A536-4544-A665-20BF392846D3}.Debug|Any CPU.Build.0 = Debug|Any CPU
		{1EC3E5DF-A536-4544-A665-20BF392846D3}.Release|Any CPU.ActiveCfg = Release|Any CPU
		{1EC3E5DF-A536-4544-A665-20BF392846D3}.Release|Any CPU.Build.0 = Release|Any CPU
		{2E1FC9B4-D76F-4FF6-86C5-DE03A5FD8918}.Debug|Any CPU.ActiveCfg = Debug|Any CPU
		{2E1FC9B4-D76F-4FF6-86C5-DE03A5FD8918}.Debug|Any CPU.Build.0 = Debug|Any CPU
		{2E1FC9B4-D76F-4FF6-86C5-DE03A5FD8918}.Release|Any CPU.ActiveCfg = Release|Any CPU
		{2E1FC9B4-D76F-4FF6-86C5-DE03A5FD8918}.Release|Any CPU.Build.0 = Release|Any CPU
		{C2C15E5C-FD27-4495-9BC0-10F546E5BBF2}.Debug|Any CPU.ActiveCfg = Debug|Any CPU
		{C2C15E5C-FD27-4495-9BC0-10F546E5BBF2}.Debug|Any CPU.Build.0 = Debug|Any CPU
		{C2C15E5C-FD27-4495-9BC0-10F546E5BBF2}.Release|Any CPU.ActiveCfg = Release|Any CPU
		{C2C15E5C-FD27-4495-9BC0-10F546E5BBF2}.Release|Any CPU.Build.0 = Release|Any CPU
		{91E8778B-A68D-410A-92B7-260845D4390E}.Debug|Any CPU.ActiveCfg = Debug|Any CPU
		{91E8778B-A68D-410A-92B7-260845D4390E}.Debug|Any CPU.Build.0 = Debug|Any CPU
		{91E8778B-A68D-410A-92B7-260845D4390E}.Release|Any CPU.ActiveCfg = Release|Any CPU
		{91E8778B-A68D-410A-92B7-260845D4390E}.Release|Any CPU.Build.0 = Release|Any CPU
		{F12FB30B-8E2D-4826-9BAE-EE3D2B235537}.Debug|Any CPU.ActiveCfg = Debug|Any CPU
		{F12FB30B-8E2D-4826-9BAE-EE3D2B235537}.Debug|Any CPU.Build.0 = Debug|Any CPU
		{F12FB30B-8E2D-4826-9BAE-EE3D2B235537}.Release|Any CPU.ActiveCfg = Release|Any CPU
		{F12FB30B-8E2D-4826-9BAE-EE3D2B235537}.Release|Any CPU.Build.0 = Release|Any CPU
	EndGlobalSection
	GlobalSection(SolutionProperties) = preSolution
		HideSolutionNode = FALSE
	EndGlobalSection
	GlobalSection(ExtensibilityGlobals) = postSolution
		SolutionGuid = {CDE2F180-FDE4-49CE-AA84-F05288CD6AC2}
	EndGlobalSection
EndGlobal
