
Microsoft Visual Studio Solution File, Format Version 12.00
# Visual Studio 15
VisualStudioVersion = 15.0.26730.16
MinimumVisualStudioVersion = 10.0.40219.1
Project("{FAE04EC0-301F-11D3-BF4B-00C04F79EFBC}") = "Blank Receipt", "ConsoleApp3\Blank Receipt.csproj", "{42939EB8-A7A5-4D60-A9EF-A00D14314AD8}"
EndProject
Project("{FAE04EC0-301F-11D3-BF4B-00C04F79EFBC}") = "Sign of Integer Number", "Sign of Integer Number\Sign of Integer Number.csproj", "{4BFE0C37-340B-4D7A-9415-103B7A585E39}"
EndProject
Project("{FAE04EC0-301F-11D3-BF4B-00C04F79EFBC}") = "Printing Triangle", "Printing Triangle\Printing Triangle.csproj", "{6C76E3AB-9F9A-428D-B305-AC846DEF27CF}"
EndProject
Project("{FAE04EC0-301F-11D3-BF4B-00C04F79EFBC}") = "Draw a Filled Square", "Draw a Filled Square\Draw a Filled Square.csproj", "{587FFF12-457B-407C-B0E2-164AA7F1437F}"
EndProject
Project("{FAE04EC0-301F-11D3-BF4B-00C04F79EFBC}") = "Temperature Conversion", "Temperature Conversion\Temperature Conversion.csproj", "{60BDEBF7-39BB-472B-BBEC-32B5403D8C4A}"
EndProject
Project("{FAE04EC0-301F-11D3-BF4B-00C04F79EFBC}") = "Calculate Triangle Area", "Calculate Triangle Area\Calculate Triangle Area.csproj", "{205ABF8C-4897-472D-B612-76101715234E}"
EndProject
Project("{FAE04EC0-301F-11D3-BF4B-00C04F79EFBC}") = "Math Power", "Math Power\Math Power.csproj", "{F2547382-371D-4A1F-8307-5FE386D67DBC}"
EndProject
Project("{FAE04EC0-301F-11D3-BF4B-00C04F79EFBC}") = "Greater of Two Values", "Greater of Two Values\Greater of Two Values.csproj", "{EC46925C-5A3C-4A82-AA19-545E4AFF3F84}"
EndProject
Project("{FAE04EC0-301F-11D3-BF4B-00C04F79EFBC}") = "Multiply Evens by Odds", "Multiply Evens by Odds\Multiply Evens by Odds.csproj", "{99C881EF-D46F-4DF9-9B36-A402A5A09C8B}"
EndProject
Project("{FAE04EC0-301F-11D3-BF4B-00C04F79EFBC}") = "Holidays Between Two Dates", "Holidays Between Two Dates\Holidays Between Two Dates.csproj", "{270FCF63-4CFC-44DF-81DE-6AC7D0DCBED1}"
EndProject
Global
	GlobalSection(SolutionConfigurationPlatforms) = preSolution
		Debug|Any CPU = Debug|Any CPU
		Release|Any CPU = Release|Any CPU
	EndGlobalSection
	GlobalSection(ProjectConfigurationPlatforms) = postSolution
		{42939EB8-A7A5-4D60-A9EF-A00D14314AD8}.Debug|Any CPU.ActiveCfg = Debug|Any CPU
		{42939EB8-A7A5-4D60-A9EF-A00D14314AD8}.Debug|Any CPU.Build.0 = Debug|Any CPU
		{42939EB8-A7A5-4D60-A9EF-A00D14314AD8}.Release|Any CPU.ActiveCfg = Release|Any CPU
		{42939EB8-A7A5-4D60-A9EF-A00D14314AD8}.Release|Any CPU.Build.0 = Release|Any CPU
		{4BFE0C37-340B-4D7A-9415-103B7A585E39}.Debug|Any CPU.ActiveCfg = Debug|Any CPU
		{4BFE0C37-340B-4D7A-9415-103B7A585E39}.Debug|Any CPU.Build.0 = Debug|Any CPU
		{4BFE0C37-340B-4D7A-9415-103B7A585E39}.Release|Any CPU.ActiveCfg = Release|Any CPU
		{4BFE0C37-340B-4D7A-9415-103B7A585E39}.Release|Any CPU.Build.0 = Release|Any CPU
		{6C76E3AB-9F9A-428D-B305-AC846DEF27CF}.Debug|Any CPU.ActiveCfg = Debug|Any CPU
		{6C76E3AB-9F9A-428D-B305-AC846DEF27CF}.Debug|Any CPU.Build.0 = Debug|Any CPU
		{6C76E3AB-9F9A-428D-B305-AC846DEF27CF}.Release|Any CPU.ActiveCfg = Release|Any CPU
		{6C76E3AB-9F9A-428D-B305-AC846DEF27CF}.Release|Any CPU.Build.0 = Release|Any CPU
		{587FFF12-457B-407C-B0E2-164AA7F1437F}.Debug|Any CPU.ActiveCfg = Debug|Any CPU
		{587FFF12-457B-407C-B0E2-164AA7F1437F}.Debug|Any CPU.Build.0 = Debug|Any CPU
		{587FFF12-457B-407C-B0E2-164AA7F1437F}.Release|Any CPU.ActiveCfg = Release|Any CPU
		{587FFF12-457B-407C-B0E2-164AA7F1437F}.Release|Any CPU.Build.0 = Release|Any CPU
		{60BDEBF7-39BB-472B-BBEC-32B5403D8C4A}.Debug|Any CPU.ActiveCfg = Debug|Any CPU
		{60BDEBF7-39BB-472B-BBEC-32B5403D8C4A}.Debug|Any CPU.Build.0 = Debug|Any CPU
		{60BDEBF7-39BB-472B-BBEC-32B5403D8C4A}.Release|Any CPU.ActiveCfg = Release|Any CPU
		{60BDEBF7-39BB-472B-BBEC-32B5403D8C4A}.Release|Any CPU.Build.0 = Release|Any CPU
		{205ABF8C-4897-472D-B612-76101715234E}.Debug|Any CPU.ActiveCfg = Debug|Any CPU
		{205ABF8C-4897-472D-B612-76101715234E}.Debug|Any CPU.Build.0 = Debug|Any CPU
		{205ABF8C-4897-472D-B612-76101715234E}.Release|Any CPU.ActiveCfg = Release|Any CPU
		{205ABF8C-4897-472D-B612-76101715234E}.Release|Any CPU.Build.0 = Release|Any CPU
		{F2547382-371D-4A1F-8307-5FE386D67DBC}.Debug|Any CPU.ActiveCfg = Debug|Any CPU
		{F2547382-371D-4A1F-8307-5FE386D67DBC}.Debug|Any CPU.Build.0 = Debug|Any CPU
		{F2547382-371D-4A1F-8307-5FE386D67DBC}.Release|Any CPU.ActiveCfg = Release|Any CPU
		{F2547382-371D-4A1F-8307-5FE386D67DBC}.Release|Any CPU.Build.0 = Release|Any CPU
		{EC46925C-5A3C-4A82-AA19-545E4AFF3F84}.Debug|Any CPU.ActiveCfg = Debug|Any CPU
		{EC46925C-5A3C-4A82-AA19-545E4AFF3F84}.Debug|Any CPU.Build.0 = Debug|Any CPU
		{EC46925C-5A3C-4A82-AA19-545E4AFF3F84}.Release|Any CPU.ActiveCfg = Release|Any CPU
		{EC46925C-5A3C-4A82-AA19-545E4AFF3F84}.Release|Any CPU.Build.0 = Release|Any CPU
		{99C881EF-D46F-4DF9-9B36-A402A5A09C8B}.Debug|Any CPU.ActiveCfg = Debug|Any CPU
		{99C881EF-D46F-4DF9-9B36-A402A5A09C8B}.Debug|Any CPU.Build.0 = Debug|Any CPU
		{99C881EF-D46F-4DF9-9B36-A402A5A09C8B}.Release|Any CPU.ActiveCfg = Release|Any CPU
		{99C881EF-D46F-4DF9-9B36-A402A5A09C8B}.Release|Any CPU.Build.0 = Release|Any CPU
		{270FCF63-4CFC-44DF-81DE-6AC7D0DCBED1}.Debug|Any CPU.ActiveCfg = Debug|Any CPU
		{270FCF63-4CFC-44DF-81DE-6AC7D0DCBED1}.Debug|Any CPU.Build.0 = Debug|Any CPU
		{270FCF63-4CFC-44DF-81DE-6AC7D0DCBED1}.Release|Any CPU.ActiveCfg = Release|Any CPU
		{270FCF63-4CFC-44DF-81DE-6AC7D0DCBED1}.Release|Any CPU.Build.0 = Release|Any CPU
	EndGlobalSection
	GlobalSection(SolutionProperties) = preSolution
		HideSolutionNode = FALSE
	EndGlobalSection
	GlobalSection(ExtensibilityGlobals) = postSolution
		SolutionGuid = {5C44C9DD-7593-49FB-8088-5DC8109C0E21}
	EndGlobalSection
EndGlobal
